
Microsoft Visual Studio Solution File, Format Version 12.00
# Visual Studio 2013
VisualStudioVersion = 12.0.30723.0
MinimumVisualStudioVersion = 10.0.40219.1
Project("{CC5FD16D-436D-48AD-A40C-5A424C6E3E79}") = "EtherReal", "EtherReal\EtherReal.ccproj", "{A35C2384-1B19-4F54-8CBC-FDEDBFF64176}"
EndProject
Project("{FAE04EC0-301F-11D3-BF4B-00C04F79EFBC}") = "EmailSyncWorkerRole", "SmtpSyncWorkerRole\EmailSyncWorkerRole.csproj", "{F19C7A7B-AE87-4ACD-83B6-6BEE3EF4FA78}"
EndProject
Project("{FAE04EC0-301F-11D3-BF4B-00C04F79EFBC}") = "EtherReal.Model", "EtherReal.Model\EtherReal.Model.csproj", "{8C14BA46-F4BB-462F-9ADD-9DBE9BF61229}"
EndProject
Global
	GlobalSection(SolutionConfigurationPlatforms) = preSolution
		Debug|Any CPU = Debug|Any CPU
		Release|Any CPU = Release|Any CPU
	EndGlobalSection
	GlobalSection(ProjectConfigurationPlatforms) = postSolution
		{A35C2384-1B19-4F54-8CBC-FDEDBFF64176}.Debug|Any CPU.ActiveCfg = Debug|Any CPU
		{A35C2384-1B19-4F54-8CBC-FDEDBFF64176}.Debug|Any CPU.Build.0 = Debug|Any CPU
		{A35C2384-1B19-4F54-8CBC-FDEDBFF64176}.Release|Any CPU.ActiveCfg = Release|Any CPU
		{A35C2384-1B19-4F54-8CBC-FDEDBFF64176}.Release|Any CPU.Build.0 = Release|Any CPU
		{F19C7A7B-AE87-4ACD-83B6-6BEE3EF4FA78}.Debug|Any CPU.ActiveCfg = Debug|Any CPU
		{F19C7A7B-AE87-4ACD-83B6-6BEE3EF4FA78}.Debug|Any CPU.Build.0 = Debug|Any CPU
		{F19C7A7B-AE87-4ACD-83B6-6BEE3EF4FA78}.Release|Any CPU.ActiveCfg = Release|Any CPU
		{F19C7A7B-AE87-4ACD-83B6-6BEE3EF4FA78}.Release|Any CPU.Build.0 = Release|Any CPU
		{8C14BA46-F4BB-462F-9ADD-9DBE9BF61229}.Debug|Any CPU.ActiveCfg = Debug|Any CPU
		{8C14BA46-F4BB-462F-9ADD-9DBE9BF61229}.Debug|Any CPU.Build.0 = Debug|Any CPU
		{8C14BA46-F4BB-462F-9ADD-9DBE9BF61229}.Release|Any CPU.ActiveCfg = Release|Any CPU
		{8C14BA46-F4BB-462F-9ADD-9DBE9BF61229}.Release|Any CPU.Build.0 = Release|Any CPU
	EndGlobalSection
	GlobalSection(SolutionProperties) = preSolution
		HideSolutionNode = FALSE
	EndGlobalSection
EndGlobal
